
Microsoft Visual Studio Solution File, Format Version 12.00
# Visual Studio Version 16
VisualStudioVersion = 16.0.29230.47
MinimumVisualStudioVersion = 10.0.40219.1
Project("{FAE04EC0-301F-11D3-BF4B-00C04F79EFBC}") = "SimpleWebCalculator", "SimpleWebCalculator\SimpleWebCalculator.csproj", "{CF0B1777-EBFA-4B45-8C76-231B2AB7F1DD}"
EndProject
Global
	GlobalSection(SolutionConfigurationPlatforms) = preSolution
		Debug|Any CPU = Debug|Any CPU
		Release|Any CPU = Release|Any CPU
	EndGlobalSection
	GlobalSection(ProjectConfigurationPlatforms) = postSolution
		{CF0B1777-EBFA-4B45-8C76-231B2AB7F1DD}.Debug|Any CPU.ActiveCfg = Debug|Any CPU
		{CF0B1777-EBFA-4B45-8C76-231B2AB7F1DD}.Debug|Any CPU.Build.0 = Debug|Any CPU
		{CF0B1777-EBFA-4B45-8C76-231B2AB7F1DD}.Release|Any CPU.ActiveCfg = Release|Any CPU
		{CF0B1777-EBFA-4B45-8C76-231B2AB7F1DD}.Release|Any CPU.Build.0 = Release|Any CPU
	EndGlobalSection
	GlobalSection(SolutionProperties) = preSolution
		HideSolutionNode = FALSE
	EndGlobalSection
	GlobalSection(ExtensibilityGlobals) = postSolution
		SolutionGuid = {3F17AA5C-9F3E-42AC-9886-CB377DA8D748}
	EndGlobalSection
EndGlobal
